// !$*UTF8*$!
{
	archiveVersion = 1;
	classes = {
	};
	objectVersion = 46;
	objects = {

/* Begin PBXBuildFile section */
		019C70F91D746DDB00535FA0 /* AppDelegate.swift in Sources */ = {isa = PBXBuildFile; fileRef = 019C70F81D746DDB00535FA0 /* AppDelegate.swift */; };
		019C70FB1D746DDB00535FA0 /* ViewController.swift in Sources */ = {isa = PBXBuildFile; fileRef = 019C70FA1D746DDB00535FA0 /* ViewController.swift */; };
		019C70FE1D746DDB00535FA0 /* Main.storyboard in Resources */ = {isa = PBXBuildFile; fileRef = 019C70FC1D746DDB00535FA0 /* Main.storyboard */; };
		019C71001D746DDB00535FA0 /* Assets.xcassets in Resources */ = {isa = PBXBuildFile; fileRef = 019C70FF1D746DDB00535FA0 /* Assets.xcassets */; };
		019C71031D746DDB00535FA0 /* LaunchScreen.storyboard in Resources */ = {isa = PBXBuildFile; fileRef = 019C71011D746DDB00535FA0 /* LaunchScreen.storyboard */; };
		019C710B1D746DFA00535FA0 /* ModalViewController.swift in Sources */ = {isa = PBXBuildFile; fileRef = 019C710A1D746DFA00535FA0 /* ModalViewController.swift */; };
		019C71151D7478E800535FA0 /* KDPresentAnimatorController.swift in Sources */ = {isa = PBXBuildFile; fileRef = 019C71141D7478E800535FA0 /* KDPresentAnimatorController.swift */; };
		019C71171D747B7A00535FA0 /* KDDismissAnimatorController.swift in Sources */ = {isa = PBXBuildFile; fileRef = 019C71161D747B7A00535FA0 /* KDDismissAnimatorController.swift */; };
		019C71191D747D0100535FA0 /* KDDismissInteractor.swift in Sources */ = {isa = PBXBuildFile; fileRef = 019C71181D747D0100535FA0 /* KDDismissInteractor.swift */; };
		019C711B1D7489B600535FA0 /* KDTransitionController.swift in Sources */ = {isa = PBXBuildFile; fileRef = 019C711A1D7489B600535FA0 /* KDTransitionController.swift */; };
/* End PBXBuildFile section */

/* Begin PBXFileReference section */
		019C70F51D746DDB00535FA0 /* KDDismissAnimator.app */ = {isa = PBXFileReference; explicitFileType = wrapper.application; includeInIndex = 0; path = KDDismissAnimator.app; sourceTree = BUILT_PRODUCTS_DIR; };
		019C70F81D746DDB00535FA0 /* AppDelegate.swift */ = {isa = PBXFileReference; lastKnownFileType = sourcecode.swift; path = AppDelegate.swift; sourceTree = "<group>"; };
		019C70FA1D746DDB00535FA0 /* ViewController.swift */ = {isa = PBXFileReference; lastKnownFileType = sourcecode.swift; path = ViewController.swift; sourceTree = "<group>"; };
		019C70FD1D746DDB00535FA0 /* Base */ = {isa = PBXFileReference; lastKnownFileType = file.storyboard; name = Base; path = Base.lproj/Main.storyboard; sourceTree = "<group>"; };
		019C70FF1D746DDB00535FA0 /* Assets.xcassets */ = {isa = PBXFileReference; lastKnownFileType = folder.assetcatalog; path = Assets.xcassets; sourceTree = "<group>"; };
		019C71021D746DDB00535FA0 /* Base */ = {isa = PBXFileReference; lastKnownFileType = file.storyboard; name = Base; path = Base.lproj/LaunchScreen.storyboard; sourceTree = "<group>"; };
		019C71041D746DDB00535FA0 /* Info.plist */ = {isa = PBXFileReference; lastKnownFileType = text.plist.xml; path = Info.plist; sourceTree = "<group>"; };
		019C710A1D746DFA00535FA0 /* ModalViewController.swift */ = {isa = PBXFileReference; fileEncoding = 4; lastKnownFileType = sourcecode.swift; path = ModalViewController.swift; sourceTree = "<group>"; };
		019C71141D7478E800535FA0 /* KDPresentAnimatorController.swift */ = {isa = PBXFileReference; fileEncoding = 4; lastKnownFileType = sourcecode.swift; path = KDPresentAnimatorController.swift; sourceTree = "<group>"; };
		019C71161D747B7A00535FA0 /* KDDismissAnimatorController.swift */ = {isa = PBXFileReference; fileEncoding = 4; lastKnownFileType = sourcecode.swift; path = KDDismissAnimatorController.swift; sourceTree = "<group>"; };
		019C71181D747D0100535FA0 /* KDDismissInteractor.swift */ = {isa = PBXFileReference; fileEncoding = 4; lastKnownFileType = sourcecode.swift; path = KDDismissInteractor.swift; sourceTree = "<group>"; };
		019C711A1D7489B600535FA0 /* KDTransitionController.swift */ = {isa = PBXFileReference; fileEncoding = 4; lastKnownFileType = sourcecode.swift; path = KDTransitionController.swift; sourceTree = "<group>"; };
/* End PBXFileReference section */

/* Begin PBXFrameworksBuildPhase section */
		019C70F21D746DDB00535FA0 /* Frameworks */ = {
			isa = PBXFrameworksBuildPhase;
			buildActionMask = 2147483647;
			files = (
			);
			runOnlyForDeploymentPostprocessing = 0;
		};
/* End PBXFrameworksBuildPhase section */

/* Begin PBXGroup section */
		019C70EC1D746DDB00535FA0 = {
			isa = PBXGroup;
			children = (
				019C70F71D746DDB00535FA0 /* KDDismissAnimator */,
				019C70F61D746DDB00535FA0 /* Products */,
			);
			sourceTree = "<group>";
		};
		019C70F61D746DDB00535FA0 /* Products */ = {
			isa = PBXGroup;
			children = (
				019C70F51D746DDB00535FA0 /* KDDismissAnimator.app */,
			);
			name = Products;
			sourceTree = "<group>";
		};
		019C70F71D746DDB00535FA0 /* KDDismissAnimator */ = {
			isa = PBXGroup;
			children = (
				019C70F81D746DDB00535FA0 /* AppDelegate.swift */,
				019C70FA1D746DDB00535FA0 /* ViewController.swift */,
				019C710A1D746DFA00535FA0 /* ModalViewController.swift */,
				019C71111D7472DE00535FA0 /* KDDismissAnimator */,
				019C70FC1D746DDB00535FA0 /* Main.storyboard */,
				019C70FF1D746DDB00535FA0 /* Assets.xcassets */,
				019C71011D746DDB00535FA0 /* LaunchScreen.storyboard */,
				019C71041D746DDB00535FA0 /* Info.plist */,
			);
			path = KDDismissAnimator;
			sourceTree = "<group>";
		};
		019C71111D7472DE00535FA0 /* KDDismissAnimator */ = {
			isa = PBXGroup;
			children = (
				019C71141D7478E800535FA0 /* KDPresentAnimatorController.swift */,
				019C71161D747B7A00535FA0 /* KDDismissAnimatorController.swift */,
				019C71181D747D0100535FA0 /* KDDismissInteractor.swift */,
				019C711A1D7489B600535FA0 /* KDTransitionController.swift */,
			);
			path = KDDismissAnimator;
			sourceTree = "<group>";
		};
/* End PBXGroup section */

/* Begin PBXNativeTarget section */
		019C70F41D746DDB00535FA0 /* KDDismissAnimator */ = {
			isa = PBXNativeTarget;
			buildConfigurationList = 019C71071D746DDB00535FA0 /* Build configuration list for PBXNativeTarget "KDDismissAnimator" */;
			buildPhases = (
				019C70F11D746DDB00535FA0 /* Sources */,
				019C70F21D746DDB00535FA0 /* Frameworks */,
				019C70F31D746DDB00535FA0 /* Resources */,
			);
			buildRules = (
			);
			dependencies = (
			);
			name = KDDismissAnimator;
			productName = KDDismissAnimator;
			productReference = 019C70F51D746DDB00535FA0 /* KDDismissAnimator.app */;
			productType = "com.apple.product-type.application";
		};
/* End PBXNativeTarget section */

/* Begin PBXProject section */
		019C70ED1D746DDB00535FA0 /* Project object */ = {
			isa = PBXProject;
			attributes = {
				LastSwiftUpdateCheck = 0730;
				LastUpgradeCheck = 0730;
				ORGANIZATIONNAME = "Kedar Desai";
				TargetAttributes = {
					019C70F41D746DDB00535FA0 = {
						CreatedOnToolsVersion = 7.3.1;
					};
				};
			};
			buildConfigurationList = 019C70F01D746DDB00535FA0 /* Build configuration list for PBXProject "KDDismissAnimator" */;
			compatibilityVersion = "Xcode 3.2";
			developmentRegion = English;
			hasScannedForEncodings = 0;
			knownRegions = (
				en,
				Base,
			);
			mainGroup = 019C70EC1D746DDB00535FA0;
			productRefGroup = 019C70F61D746DDB00535FA0 /* Products */;
			projectDirPath = "";
			projectRoot = "";
			targets = (
				019C70F41D746DDB00535FA0 /* KDDismissAnimator */,
			);
		};
/* End PBXProject section */

/* Begin PBXResourcesBuildPhase section */
		019C70F31D746DDB00535FA0 /* Resources */ = {
			isa = PBXResourcesBuildPhase;
			buildActionMask = 2147483647;
			files = (
				019C71031D746DDB00535FA0 /* LaunchScreen.storyboard in Resources */,
				019C71001D746DDB00535FA0 /* Assets.xcassets in Resources */,
				019C70FE1D746DDB00535FA0 /* Main.storyboard in Resources */,
			);
			runOnlyForDeploymentPostprocessing = 0;
		};
/* End PBXResourcesBuildPhase section */

/* Begin PBXSourcesBuildPhase section */
		019C70F11D746DDB00535FA0 /* Sources */ = {
			isa = PBXSourcesBuildPhase;
			buildActionMask = 2147483647;
			files = (
				019C71191D747D0100535FA0 /* KDDismissInteractor.swift in Sources */,
				019C711B1D7489B600535FA0 /* KDTransitionController.swift in Sources */,
				019C70FB1D746DDB00535FA0 /* ViewController.swift in Sources */,
				019C71151D7478E800535FA0 /* KDPresentAnimatorController.swift in Sources */,
				019C71171D747B7A00535FA0 /* KDDismissAnimatorController.swift in Sources */,
				019C710B1D746DFA00535FA0 /* ModalViewController.swift in Sources */,
				019C70F91D746DDB00535FA0 /* AppDelegate.swift in Sources */,
			);
			runOnlyForDeploymentPostprocessing = 0;
		};
/* End PBXSourcesBuildPhase section */

/* Begin PBXVariantGroup section */
		019C70FC1D746DDB00535FA0 /* Main.storyboard */ = {
			isa = PBXVariantGroup;
			children = (
				019C70FD1D746DDB00535FA0 /* Base */,
			);
			name = Main.storyboard;
			sourceTree = "<group>";
		};
		019C71011D746DDB00535FA0 /* LaunchScreen.storyboard */ = {
			isa = PBXVariantGroup;
			children = (
				019C71021D746DDB00535FA0 /* Base */,
			);
			name = LaunchScreen.storyboard;
			sourceTree = "<group>";
		};
/* End PBXVariantGroup section */

/* Begin XCBuildConfiguration section */
		019C71051D746DDB00535FA0 /* Debug */ = {
			isa = XCBuildConfiguration;
			buildSettings = {
				ALWAYS_SEARCH_USER_PATHS = NO;
				CLANG_ANALYZER_NONNULL = YES;
				CLANG_CXX_LANGUAGE_STANDARD = "gnu++0x";
				CLANG_CXX_LIBRARY = "libc++";
				CLANG_ENABLE_MODULES = YES;
				CLANG_ENABLE_OBJC_ARC = YES;
				CLANG_WARN_BOOL_CONVERSION = YES;
				CLANG_WARN_CONSTANT_CONVERSION = YES;
				CLANG_WARN_DIRECT_OBJC_ISA_USAGE = YES_ERROR;
				CLANG_WARN_EMPTY_BODY = YES;
				CLANG_WARN_ENUM_CONVERSION = YES;
				CLANG_WARN_INT_CONVERSION = YES;
				CLANG_WARN_OBJC_ROOT_CLASS = YES_ERROR;
				CLANG_WARN_UNREACHABLE_CODE = YES;
				CLANG_WARN__DUPLICATE_METHOD_MATCH = YES;
				"CODE_SIGN_IDENTITY[sdk=iphoneos*]" = "iPhone Developer";
				COPY_PHASE_STRIP = NO;
				DEBUG_INFORMATION_FORMAT = dwarf;
				ENABLE_STRICT_OBJC_MSGSEND = YES;
				ENABLE_TESTABILITY = YES;
				GCC_C_LANGUAGE_STANDARD = gnu99;
				GCC_DYNAMIC_NO_PIC = NO;
				GCC_NO_COMMON_BLOCKS = YES;
				GCC_OPTIMIZATION_LEVEL = 0;
				GCC_PREPROCESSOR_DEFINITIONS = (
					"DEBUG=1",
					"$(inherited)",
				);
				GCC_WARN_64_TO_32_BIT_CONVERSION = YES;
				GCC_WARN_ABOUT_RETURN_TYPE = YES_ERROR;
				GCC_WARN_UNDECLARED_SELECTOR = YES;
				GCC_WARN_UNINITIALIZED_AUTOS = YES_AGGRESSIVE;
				GCC_WARN_UNUSED_FUNCTION = YES;
				GCC_WARN_UNUSED_VARIABLE = YES;
				IPHONEOS_DEPLOYMENT_TARGET = 9.3;
				MTL_ENABLE_DEBUG_INFO = YES;
				ONLY_ACTIVE_ARCH = YES;
				SDKROOT = iphoneos;
				SWIFT_OPTIMIZATION_LEVEL = "-Onone";
			};
			name = Debug;
		};
		019C71061D746DDB00535FA0 /* Release */ = {
			isa = XCBuildConfiguration;
			buildSettings = {
				ALWAYS_SEARCH_USER_PATHS = NO;
				CLANG_ANALYZER_NONNULL = YES;
				CLANG_CXX_LANGUAGE_STANDARD = "gnu++0x";
				CLANG_CXX_LIBRARY = "libc++";
				CLANG_ENABLE_MODULES = YES;
				CLANG_ENABLE_OBJC_ARC = YES;
				CLANG_WARN_BOOL_CONVERSION = YES;
				CLANG_WARN_CONSTANT_CONVERSION = YES;
				CLANG_WARN_DIRECT_OBJC_ISA_USAGE = YES_ERROR;
				CLANG_WARN_EMPTY_BODY = YES;
				CLANG_WARN_ENUM_CONVERSION = YES;
				CLANG_WARN_INT_CONVERSION = YES;
				CLANG_WARN_OBJC_ROOT_CLASS = YES_ERROR;
				CLANG_WARN_UNREACHABLE_CODE = YES;
				CLANG_WARN__DUPLICATE_METHOD_MATCH = YES;
				"CODE_SIGN_IDENTITY[sdk=iphoneos*]" = "iPhone Developer";
				COPY_PHASE_STRIP = NO;
				DEBUG_INFORMATION_FORMAT = "dwarf-with-dsym";
				ENABLE_NS_ASSERTIONS = NO;
				ENABLE_STRICT_OBJC_MSGSEND = YES;
				GCC_C_LANGUAGE_STANDARD = gnu99;
				GCC_NO_COMMON_BLOCKS = YES;
				GCC_WARN_64_TO_32_BIT_CONVERSION = YES;
				GCC_WARN_ABOUT_RETURN_TYPE = YES_ERROR;
				GCC_WARN_UNDECLARED_SELECTOR = YES;
				GCC_WARN_UNINITIALIZED_AUTOS = YES_AGGRESSIVE;
				GCC_WARN_UNUSED_FUNCTION = YES;
				GCC_WARN_UNUSED_VARIABLE = YES;
				IPHONEOS_DEPLOYMENT_TARGET = 9.3;
				MTL_ENABLE_DEBUG_INFO = NO;
				SDKROOT = iphoneos;
				VALIDATE_PRODUCT = YES;
			};
			name = Release;
		};
		019C71081D746DDB00535FA0 /* Debug */ = {
			isa = XCBuildConfiguration;
			buildSettings = {
				ASSETCATALOG_COMPILER_APPICON_NAME = AppIcon;
				INFOPLIST_FILE = KDDismissAnimator/Info.plist;
				LD_RUNPATH_SEARCH_PATHS = "$(inherited) @executable_path/Frameworks";
				PRODUCT_BUNDLE_IDENTIFIER = credence.KDDismissAnimator;
				PRODUCT_NAME = "$(TARGET_NAME)";
			};
			name = Debug;
		};
		019C71091D746DDB00535FA0 /* Release */ = {
			isa = XCBuildConfiguration;
			buildSettings = {
				ASSETCATALOG_COMPILER_APPICON_NAME = AppIcon;
				INFOPLIST_FILE = KDDismissAnimator/Info.plist;
				LD_RUNPATH_SEARCH_PATHS = "$(inherited) @executable_path/Frameworks";
				PRODUCT_BUNDLE_IDENTIFIER = credence.KDDismissAnimator;
				PRODUCT_NAME = "$(TARGET_NAME)";
			};
			name = Release;
		};
/* End XCBuildConfiguration section */

/* Begin XCConfigurationList section */
		019C70F01D746DDB00535FA0 /* Build configuration list for PBXProject "KDDismissAnimator" */ = {
			isa = XCConfigurationList;
			buildConfigurations = (
				019C71051D746DDB00535FA0 /* Debug */,
				019C71061D746DDB00535FA0 /* Release */,
			);
			defaultConfigurationIsVisible = 0;
			defaultConfigurationName = Release;
		};
		019C71071D746DDB00535FA0 /* Build configuration list for PBXNativeTarget "KDDismissAnimator" */ = {
			isa = XCConfigurationList;
			buildConfigurations = (
				019C71081D746DDB00535FA0 /* Debug */,
				019C71091D746DDB00535FA0 /* Release */,
			);
			defaultConfigurationIsVisible = 0;
		};
/* End XCConfigurationList section */
	};
	rootObject = 019C70ED1D746DDB00535FA0 /* Project object */;
}
